
Microsoft Visual Studio Solution File, Format Version 12.00
# Visual Studio Version 16
VisualStudioVersion = 16.0.31515.178
MinimumVisualStudioVersion = 10.0.40219.1
Project("{FAE04EC0-301F-11D3-BF4B-00C04F79EFBC}") = "CRUD_ENTITY.NET_CORE", "CRUD_ENTITY.NET_CORE.csproj", "{EDCA3C0E-970D-4B94-81A6-622C3EDD4433}"
EndProject
Global
	GlobalSection(SolutionConfigurationPlatforms) = preSolution
		Debug|Any CPU = Debug|Any CPU
		Release|Any CPU = Release|Any CPU
	EndGlobalSection
	GlobalSection(ProjectConfigurationPlatforms) = postSolution
		{EDCA3C0E-970D-4B94-81A6-622C3EDD4433}.Debug|Any CPU.ActiveCfg = Debug|Any CPU
		{EDCA3C0E-970D-4B94-81A6-622C3EDD4433}.Debug|Any CPU.Build.0 = Debug|Any CPU
		{EDCA3C0E-970D-4B94-81A6-622C3EDD4433}.Release|Any CPU.ActiveCfg = Release|Any CPU
		{EDCA3C0E-970D-4B94-81A6-622C3EDD4433}.Release|Any CPU.Build.0 = Release|Any CPU
	EndGlobalSection
	GlobalSection(SolutionProperties) = preSolution
		HideSolutionNode = FALSE
	EndGlobalSection
	GlobalSection(ExtensibilityGlobals) = postSolution
		SolutionGuid = {15A11BF0-6DDC-4D5C-81C1-B1EB9B103B7C}
	EndGlobalSection
EndGlobal
